<?xml version="1.0" encoding="utf-8"?>
<Project ToolsVersion="4.0" xmlns="http://schemas.microsoft.com/developer/msbuild/2003">
  <ItemGroup>
    <Filter Include="SRC">
      <UniqueIdentifier>{4FC737F1-C7A5-4376-A066-2A32D752A2FF}</UniqueIdentifier>
      <Extensions>cpp;c;cc;cxx;def;odl;idl;hpj;bat;asm;asmx</Extensions>
    </Filter>
    <Filter Include="SRC\utils">
      <UniqueIdentifier>{2187018c-e52a-4679-8390-850676b8ac27}</UniqueIdentifier>
    </Filter>
    <Filter Include="SRC\client">
      <UniqueIdentifier>{1df26572-29bf-4756-912f-5b6b77b9666c}</UniqueIdentifier>
    </Filter>
    <Filter Include="SRC\client\connection">
      <UniqueIdentifier>{9422bd02-fff6-4b0b-8437-ef718835e262}</UniqueIdentifier>
    </Filter>
    <Filter Include="SRC\window">
      <UniqueIdentifier>{bd898c77-6ad7-4a0a-a75a-e5e48da29341}</UniqueIdentifier>
    </Filter>
    <Filter Include="SRC\window\input">
      <UniqueIdentifier>{27f62986-5293-49c2-946a-51d2b1c08da1}</UniqueIdentifier>
    </Filter>
    <Filter Include="SRC\window\renderer">
      <UniqueIdentifier>{fd34b9fb-d67f-4048-8cb2-b07b13f1cc59}</UniqueIdentifier>
    </Filter>
    <Filter Include="SRC\window\renderer\font">
      <UniqueIdentifier>{ca369ae2-0515-481f-b3b5-4aa288ae6667}</UniqueIdentifier>
    </Filter>
    <Filter Include="SRC\window\gui">
      <UniqueIdentifier>{ee8ade36-9c9a-434b-a261-3f902a38a5eb}</UniqueIdentifier>
    </Filter>
    <Filter Include="SRC\client\protection">
      <UniqueIdentifier>{9986b67e-2e4a-4f13-8432-09e16fdc3014}</UniqueIdentifier>
    </Filter>
    <Filter Include="SRC\client\hwid">
      <UniqueIdentifier>{6e27eeb6-c434-4c5d-bd6f-d1d39e7b6398}</UniqueIdentifier>
    </Filter>
    <Filter Include="SRC\client\injection">
      <UniqueIdentifier>{80e20270-2880-4410-a757-3fa3b960a402}</UniqueIdentifier>
    </Filter>
    <Filter Include="SRC\client\injection\memory">
      <UniqueIdentifier>{bd5a6159-3141-441d-a15b-7b09d8cb8ca3}</UniqueIdentifier>
    </Filter>
    <Filter Include="SRC\syscall">
      <UniqueIdentifier>{039c0130-5d1c-4311-b30b-54ba27012910}</UniqueIdentifier>
    </Filter>
    <Filter Include="SRC\client\shared_memory">
      <UniqueIdentifier>{bf76b426-306a-4dfb-9c83-83582a944777}</UniqueIdentifier>
    </Filter>
  </ItemGroup>
  <ItemGroup>
    <ClCompile Include="main.cpp">
      <Filter>SRC</Filter>
    </ClCompile>
    <ClCompile Include="inject.cpp">
      <Filter>SRC\client\injection</Filter>
    </ClCompile>
    <ClCompile Include="connection.cpp">
      <Filter>SRC\client\connection</Filter>
    </ClCompile>
    <ClCompile Include="client.cpp">
      <Filter>SRC\client</Filter>
    </ClCompile>
    <ClCompile Include="window.cpp">
      <Filter>SRC\window</Filter>
    </ClCompile>
    <ClCompile Include="input.cpp">
      <Filter>SRC\window\input</Filter>
    </ClCompile>
    <ClCompile Include="renderer.cpp">
      <Filter>SRC\window\renderer</Filter>
    </ClCompile>
    <ClCompile Include="font.cpp">
      <Filter>SRC\window\renderer\font</Filter>
    </ClCompile>
    <ClCompile Include="gui.cpp">
      <Filter>SRC\window\gui</Filter>
    </ClCompile>
    <ClCompile Include="syscall.cpp">
      <Filter>SRC\syscall</Filter>
    </ClCompile>
    <ClCompile Include="hwid.cpp">
      <Filter>SRC\client\hwid</Filter>
    </ClCompile>
    <ClCompile Include="memory.cpp">
      <Filter>SRC\client\injection\memory</Filter>
    </ClCompile>
    <ClCompile Include="protection.cpp">
      <Filter>SRC\client\protection</Filter>
    </ClCompile>
  </ItemGroup>
  <ItemGroup>
    <ClInclude Include="hash.h">
      <Filter>SRC\utils</Filter>
    </ClInclude>
    <ClInclude Include="string.h">
      <Filter>SRC\utils</Filter>
    </ClInclude>
    <ClInclude Include="context.h">
      <Filter>SRC</Filter>
    </ClInclude>
    <ClInclude Include="inject.h">
      <Filter>SRC\client\injection</Filter>
    </ClInclude>
    <ClInclude Include="syscall.h">
      <Filter>SRC\syscall</Filter>
    </ClInclude>
    <ClInclude Include="connection.h">
      <Filter>SRC\client\connection</Filter>
    </ClInclude>
    <ClInclude Include="..\packets.h">
      <Filter>SRC\client</Filter>
    </ClInclude>
    <ClInclude Include="client.h">
      <Filter>SRC\client</Filter>
    </ClInclude>
    <ClInclude Include="game_list.h">
      <Filter>SRC\client</Filter>
    </ClInclude>
    <ClInclude Include="window.h">
      <Filter>SRC\window</Filter>
    </ClInclude>
    <ClInclude Include="input.h">
      <Filter>SRC\window\input</Filter>
    </ClInclude>
    <ClInclude Include="renderer.h">
      <Filter>SRC\window\renderer</Filter>
    </ClInclude>
    <ClInclude Include="font.h">
      <Filter>SRC\window\renderer\font</Filter>
    </ClInclude>
    <ClInclude Include="gui.h">
      <Filter>SRC\window\gui</Filter>
    </ClInclude>
    <ClInclude Include="menu.h">
      <Filter>SRC\window\gui</Filter>
    </ClInclude>
    <ClInclude Include="util.h">
      <Filter>SRC\utils</Filter>
    </ClInclude>
    <ClInclude Include="lazy_import.h">
      <Filter>SRC\utils</Filter>
    </ClInclude>
    <ClInclude Include="sdk.h">
      <Filter>SRC</Filter>
    </ClInclude>
    <ClInclude Include="..\asmlib\asmlib.h">
      <Filter>SRC\utils</Filter>
    </ClInclude>
    <ClInclude Include="..\asmlib\asmlibran.h">
      <Filter>SRC\utils</Filter>
    </ClInclude>
    <ClInclude Include="hwid.h">
      <Filter>SRC\client\hwid</Filter>
    </ClInclude>
    <ClInclude Include="memory.h">
      <Filter>SRC\client\injection\memory</Filter>
    </ClInclude>
    <ClInclude Include="protection.h">
      <Filter>SRC\client\protection</Filter>
    </ClInclude>
    <ClInclude Include="shared_signal.h">
      <Filter>SRC\client\shared_memory</Filter>
    </ClInclude>
    <ClInclude Include="shared_mutex.h">
      <Filter>SRC\client\shared_memory</Filter>
    </ClInclude>
    <ClInclude Include="shared_queue.h">
      <Filter>SRC\client\shared_memory</Filter>
    </ClInclude>
    <ClInclude Include="..\shared_mem.h">
      <Filter>SRC\client</Filter>
    </ClInclude>
  </ItemGroup>
  <ItemGroup>
    <MASM Include="syscall_stub.asm">
      <Filter>SRC\syscall</Filter>
    </MASM>
  </ItemGroup>
</Project>